
Microsoft Visual Studio Solution File, Format Version 12.00
# Visual Studio Version 17
VisualStudioVersion = 17.1.32210.238
MinimumVisualStudioVersion = 10.0.40219.1
Project("{FAE04EC0-301F-11D3-BF4B-00C04F79EFBC}") = "Branching-Practical", "Branching-Practical.csproj", "{5836E1AF-4BD5-498D-AE67-2423571759CA}"
EndProject
Global
	GlobalSection(SolutionConfigurationPlatforms) = preSolution
		Debug|Any CPU = Debug|Any CPU
		Release|Any CPU = Release|Any CPU
	EndGlobalSection
	GlobalSection(ProjectConfigurationPlatforms) = postSolution
		{5836E1AF-4BD5-498D-AE67-2423571759CA}.Debug|Any CPU.ActiveCfg = Debug|Any CPU
		{5836E1AF-4BD5-498D-AE67-2423571759CA}.Debug|Any CPU.Build.0 = Debug|Any CPU
		{5836E1AF-4BD5-498D-AE67-2423571759CA}.Release|Any CPU.ActiveCfg = Release|Any CPU
		{5836E1AF-4BD5-498D-AE67-2423571759CA}.Release|Any CPU.Build.0 = Release|Any CPU
	EndGlobalSection
	GlobalSection(SolutionProperties) = preSolution
		HideSolutionNode = FALSE
	EndGlobalSection
	GlobalSection(ExtensibilityGlobals) = postSolution
		SolutionGuid = {6C2F015E-2018-41BF-9B0D-B6A05574E83E}
	EndGlobalSection
EndGlobal
